
Microsoft Visual Studio Solution File, Format Version 12.00
# Visual Studio 2012
Project("{FAE04EC0-301F-11D3-BF4B-00C04F79EFBC}") = "ClientTemplating4T", "ClientTemplating4T\ClientTemplating4T.csproj", "{72617567-A120-4C0A-B6E3-A47F06AFAE4F}"
EndProject
Project("{FAE04EC0-301F-11D3-BF4B-00C04F79EFBC}") = "Electridion", "Electridion\Electridion.csproj", "{4A477D6B-7E0A-456B-A469-A9DBE7FBEC87}"
EndProject
Global
	GlobalSection(SolutionConfigurationPlatforms) = preSolution
		Debug|Any CPU = Debug|Any CPU
		Release|Any CPU = Release|Any CPU
	EndGlobalSection
	GlobalSection(ProjectConfigurationPlatforms) = postSolution
		{72617567-A120-4C0A-B6E3-A47F06AFAE4F}.Debug|Any CPU.ActiveCfg = Debug|Any CPU
		{72617567-A120-4C0A-B6E3-A47F06AFAE4F}.Debug|Any CPU.Build.0 = Debug|Any CPU
		{72617567-A120-4C0A-B6E3-A47F06AFAE4F}.Release|Any CPU.ActiveCfg = Release|Any CPU
		{72617567-A120-4C0A-B6E3-A47F06AFAE4F}.Release|Any CPU.Build.0 = Release|Any CPU
		{4A477D6B-7E0A-456B-A469-A9DBE7FBEC87}.Debug|Any CPU.ActiveCfg = Debug|Any CPU
		{4A477D6B-7E0A-456B-A469-A9DBE7FBEC87}.Debug|Any CPU.Build.0 = Debug|Any CPU
		{4A477D6B-7E0A-456B-A469-A9DBE7FBEC87}.Release|Any CPU.ActiveCfg = Release|Any CPU
		{4A477D6B-7E0A-456B-A469-A9DBE7FBEC87}.Release|Any CPU.Build.0 = Release|Any CPU
	EndGlobalSection
	GlobalSection(SolutionProperties) = preSolution
		HideSolutionNode = FALSE
	EndGlobalSection
EndGlobal
